// !$*UTF8*$!
{
	archiveVersion = 1;
	classes = {
	};
	objectVersion = 46;
	objects = {

/* Begin PBXBuildFile section */
		009DEA4A2012BF7D00F08D0D /* camera-25.png in Resources */ = {isa = PBXBuildFile; fileRef = 009DEA472012BF7D00F08D0D /* camera-25.png */; };
		009DEA4B2012BF7D00F08D0D /* friends-25.png in Resources */ = {isa = PBXBuildFile; fileRef = 009DEA482012BF7D00F08D0D /* friends-25.png */; };
		009DEA4C2012BF7D00F08D0D /* letter-25.png in Resources */ = {isa = PBXBuildFile; fileRef = 009DEA492012BF7D00F08D0D /* letter-25.png */; };
		009DEA5520143CA200F08D0D /* InboxTableViewController.swift in Sources */ = {isa = PBXBuildFile; fileRef = 009DEA5420143CA200F08D0D /* InboxTableViewController.swift */; };
		00BF68531F9B763B005FD912 /* AppDelegate.swift in Sources */ = {isa = PBXBuildFile; fileRef = 00BF68521F9B763B005FD912 /* AppDelegate.swift */; };
		00BF68551F9B763B005FD912 /* ViewController.swift in Sources */ = {isa = PBXBuildFile; fileRef = 00BF68541F9B763B005FD912 /* ViewController.swift */; };
		00BF68581F9B763B005FD912 /* Main.storyboard in Resources */ = {isa = PBXBuildFile; fileRef = 00BF68561F9B763B005FD912 /* Main.storyboard */; };
		00BF685D1F9B763B005FD912 /* LaunchScreen.storyboard in Resources */ = {isa = PBXBuildFile; fileRef = 00BF685B1F9B763B005FD912 /* LaunchScreen.storyboard */; };
/* End PBXBuildFile section */

/* Begin PBXFileReference section */
		009DEA472012BF7D00F08D0D /* camera-25.png */ = {isa = PBXFileReference; lastKnownFileType = image.png; path = "camera-25.png"; sourceTree = "<group>"; };
		009DEA482012BF7D00F08D0D /* friends-25.png */ = {isa = PBXFileReference; lastKnownFileType = image.png; path = "friends-25.png"; sourceTree = "<group>"; };
		009DEA492012BF7D00F08D0D /* letter-25.png */ = {isa = PBXFileReference; lastKnownFileType = image.png; path = "letter-25.png"; sourceTree = "<group>"; };
		009DEA5420143CA200F08D0D /* InboxTableViewController.swift */ = {isa = PBXFileReference; fileEncoding = 4; lastKnownFileType = sourcecode.swift; path = InboxTableViewController.swift; sourceTree = "<group>"; };
		00BF684F1F9B763B005FD912 /* PicTour.app */ = {isa = PBXFileReference; explicitFileType = wrapper.application; includeInIndex = 0; path = PicTour.app; sourceTree = BUILT_PRODUCTS_DIR; };
		00BF68521F9B763B005FD912 /* AppDelegate.swift */ = {isa = PBXFileReference; lastKnownFileType = sourcecode.swift; path = AppDelegate.swift; sourceTree = "<group>"; };
		00BF68541F9B763B005FD912 /* ViewController.swift */ = {isa = PBXFileReference; lastKnownFileType = sourcecode.swift; path = ViewController.swift; sourceTree = "<group>"; };
		00BF68571F9B763B005FD912 /* Base */ = {isa = PBXFileReference; lastKnownFileType = file.storyboard; name = Base; path = Base.lproj/Main.storyboard; sourceTree = "<group>"; };
		00BF685C1F9B763B005FD912 /* Base */ = {isa = PBXFileReference; lastKnownFileType = file.storyboard; name = Base; path = Base.lproj/LaunchScreen.storyboard; sourceTree = "<group>"; };
		00BF685E1F9B763B005FD912 /* Info.plist */ = {isa = PBXFileReference; lastKnownFileType = text.plist.xml; path = Info.plist; sourceTree = "<group>"; };
/* End PBXFileReference section */

/* Begin PBXFrameworksBuildPhase section */
		00BF684C1F9B763B005FD912 /* Frameworks */ = {
			isa = PBXFrameworksBuildPhase;
			buildActionMask = 2147483647;
			files = (
			);
			runOnlyForDeploymentPostprocessing = 0;
		};
/* End PBXFrameworksBuildPhase section */

/* Begin PBXGroup section */
		009DEA4D2012BF8800F08D0D /* Images */ = {
			isa = PBXGroup;
			children = (
				009DEA472012BF7D00F08D0D /* camera-25.png */,
				009DEA482012BF7D00F08D0D /* friends-25.png */,
				009DEA492012BF7D00F08D0D /* letter-25.png */,
			);
			name = Images;
			sourceTree = "<group>";
		};
		00BF68461F9B763B005FD912 = {
			isa = PBXGroup;
			children = (
				00BF68511F9B763B005FD912 /* PicTour */,
				00BF68501F9B763B005FD912 /* Products */,
			);
			sourceTree = "<group>";
		};
		00BF68501F9B763B005FD912 /* Products */ = {
			isa = PBXGroup;
			children = (
				00BF684F1F9B763B005FD912 /* PicTour.app */,
			);
			name = Products;
			sourceTree = "<group>";
		};
		00BF68511F9B763B005FD912 /* PicTour */ = {
			isa = PBXGroup;
			children = (
				009DEA4D2012BF8800F08D0D /* Images */,
				00BF68521F9B763B005FD912 /* AppDelegate.swift */,
				00BF68541F9B763B005FD912 /* ViewController.swift */,
				00BF68561F9B763B005FD912 /* Main.storyboard */,
				009DEA5420143CA200F08D0D /* InboxTableViewController.swift */,
				00BF685B1F9B763B005FD912 /* LaunchScreen.storyboard */,
				00BF685E1F9B763B005FD912 /* Info.plist */,
			);
			path = PicTour;
			sourceTree = "<group>";
		};
/* End PBXGroup section */

/* Begin PBXNativeTarget section */
		00BF684E1F9B763B005FD912 /* PicTour */ = {
			isa = PBXNativeTarget;
			buildConfigurationList = 00BF68611F9B763B005FD912 /* Build configuration list for PBXNativeTarget "PicTour" */;
			buildPhases = (
				00BF684B1F9B763B005FD912 /* Sources */,
				00BF684C1F9B763B005FD912 /* Frameworks */,
				00BF684D1F9B763B005FD912 /* Resources */,
			);
			buildRules = (
			);
			dependencies = (
			);
			name = PicTour;
			productName = PicTour;
			productReference = 00BF684F1F9B763B005FD912 /* PicTour.app */;
			productType = "com.apple.product-type.application";
		};
/* End PBXNativeTarget section */

/* Begin PBXProject section */
		00BF68471F9B763B005FD912 /* Project object */ = {
			isa = PBXProject;
			attributes = {
				LastSwiftUpdateCheck = 0830;
				LastUpgradeCheck = 0920;
				ORGANIZATIONNAME = consios;
				TargetAttributes = {
					00BF684E1F9B763B005FD912 = {
						CreatedOnToolsVersion = 8.3.3;
						DevelopmentTeam = 39E2FVXES9;
						LastSwiftMigration = 0920;
						ProvisioningStyle = Automatic;
					};
				};
			};
			buildConfigurationList = 00BF684A1F9B763B005FD912 /* Build configuration list for PBXProject "PicTour" */;
			compatibilityVersion = "Xcode 3.2";
			developmentRegion = English;
			hasScannedForEncodings = 0;
			knownRegions = (
				en,
				Base,
			);
			mainGroup = 00BF68461F9B763B005FD912;
			productRefGroup = 00BF68501F9B763B005FD912 /* Products */;
			projectDirPath = "";
			projectRoot = "";
			targets = (
				00BF684E1F9B763B005FD912 /* PicTour */,
			);
		};
/* End PBXProject section */

/* Begin PBXResourcesBuildPhase section */
		00BF684D1F9B763B005FD912 /* Resources */ = {
			isa = PBXResourcesBuildPhase;
			buildActionMask = 2147483647;
			files = (
				009DEA4B2012BF7D00F08D0D /* friends-25.png in Resources */,
				00BF685D1F9B763B005FD912 /* LaunchScreen.storyboard in Resources */,
				009DEA4C2012BF7D00F08D0D /* letter-25.png in Resources */,
				00BF68581F9B763B005FD912 /* Main.storyboard in Resources */,
				009DEA4A2012BF7D00F08D0D /* camera-25.png in Resources */,
			);
			runOnlyForDeploymentPostprocessing = 0;
		};
/* End PBXResourcesBuildPhase section */

/* Begin PBXSourcesBuildPhase section */
		00BF684B1F9B763B005FD912 /* Sources */ = {
			isa = PBXSourcesBuildPhase;
			buildActionMask = 2147483647;
			files = (
				00BF68551F9B763B005FD912 /* ViewController.swift in Sources */,
				009DEA5520143CA200F08D0D /* InboxTableViewController.swift in Sources */,
				00BF68531F9B763B005FD912 /* AppDelegate.swift in Sources */,
			);
			runOnlyForDeploymentPostprocessing = 0;
		};
/* End PBXSourcesBuildPhase section */

/* Begin PBXVariantGroup section */
		00BF68561F9B763B005FD912 /* Main.storyboard */ = {
			isa = PBXVariantGroup;
			children = (
				00BF68571F9B763B005FD912 /* Base */,
			);
			name = Main.storyboard;
			sourceTree = "<group>";
		};
		00BF685B1F9B763B005FD912 /* LaunchScreen.storyboard */ = {
			isa = PBXVariantGroup;
			children = (
				00BF685C1F9B763B005FD912 /* Base */,
			);
			name = LaunchScreen.storyboard;
			sourceTree = "<group>";
		};
/* End PBXVariantGroup section */

/* Begin XCBuildConfiguration section */
		00BF685F1F9B763B005FD912 /* Debug */ = {
			isa = XCBuildConfiguration;
			buildSettings = {
				ALWAYS_SEARCH_USER_PATHS = NO;
				CLANG_ANALYZER_NONNULL = YES;
				CLANG_ANALYZER_NUMBER_OBJECT_CONVERSION = YES_AGGRESSIVE;
				CLANG_CXX_LANGUAGE_STANDARD = "gnu++0x";
				CLANG_CXX_LIBRARY = "libc++";
				CLANG_ENABLE_MODULES = YES;
				CLANG_ENABLE_OBJC_ARC = YES;
				CLANG_WARN_BLOCK_CAPTURE_AUTORELEASING = YES;
				CLANG_WARN_BOOL_CONVERSION = YES;
				CLANG_WARN_COMMA = YES;
				CLANG_WARN_CONSTANT_CONVERSION = YES;
				CLANG_WARN_DIRECT_OBJC_ISA_USAGE = YES_ERROR;
				CLANG_WARN_DOCUMENTATION_COMMENTS = YES;
				CLANG_WARN_EMPTY_BODY = YES;
				CLANG_WARN_ENUM_CONVERSION = YES;
				CLANG_WARN_INFINITE_RECURSION = YES;
				CLANG_WARN_INT_CONVERSION = YES;
				CLANG_WARN_NON_LITERAL_NULL_CONVERSION = YES;
				CLANG_WARN_OBJC_LITERAL_CONVERSION = YES;
				CLANG_WARN_OBJC_ROOT_CLASS = YES_ERROR;
				CLANG_WARN_RANGE_LOOP_ANALYSIS = YES;
				CLANG_WARN_STRICT_PROTOTYPES = YES;
				CLANG_WARN_SUSPICIOUS_MOVE = YES;
				CLANG_WARN_UNREACHABLE_CODE = YES;
				CLANG_WARN__DUPLICATE_METHOD_MATCH = YES;
				"CODE_SIGN_IDENTITY[sdk=iphoneos*]" = "iPhone Developer";
				COPY_PHASE_STRIP = NO;
				DEBUG_INFORMATION_FORMAT = dwarf;
				ENABLE_STRICT_OBJC_MSGSEND = YES;
				ENABLE_TESTABILITY = YES;
				GCC_C_LANGUAGE_STANDARD = gnu99;
				GCC_DYNAMIC_NO_PIC = NO;
				GCC_NO_COMMON_BLOCKS = YES;
				GCC_OPTIMIZATION_LEVEL = 0;
				GCC_PREPROCESSOR_DEFINITIONS = (
					"DEBUG=1",
					"$(inherited)",
				);
				GCC_WARN_64_TO_32_BIT_CONVERSION = YES;
				GCC_WARN_ABOUT_RETURN_TYPE = YES_ERROR;
				GCC_WARN_UNDECLARED_SELECTOR = YES;
				GCC_WARN_UNINITIALIZED_AUTOS = YES_AGGRESSIVE;
				GCC_WARN_UNUSED_FUNCTION = YES;
				GCC_WARN_UNUSED_VARIABLE = YES;
				IPHONEOS_DEPLOYMENT_TARGET = 10.3;
				MTL_ENABLE_DEBUG_INFO = YES;
				ONLY_ACTIVE_ARCH = YES;
				SDKROOT = iphoneos;
				SWIFT_ACTIVE_COMPILATION_CONDITIONS = DEBUG;
				SWIFT_OPTIMIZATION_LEVEL = "-Onone";
				TARGETED_DEVICE_FAMILY = "1,2";
			};
			name = Debug;
		};
		00BF68601F9B763B005FD912 /* Release */ = {
			isa = XCBuildConfiguration;
			buildSettings = {
				ALWAYS_SEARCH_USER_PATHS = NO;
				CLANG_ANALYZER_NONNULL = YES;
				CLANG_ANALYZER_NUMBER_OBJECT_CONVERSION = YES_AGGRESSIVE;
				CLANG_CXX_LANGUAGE_STANDARD = "gnu++0x";
				CLANG_CXX_LIBRARY = "libc++";
				CLANG_ENABLE_MODULES = YES;
				CLANG_ENABLE_OBJC_ARC = YES;
				CLANG_WARN_BLOCK_CAPTURE_AUTORELEASING = YES;
				CLANG_WARN_BOOL_CONVERSION = YES;
				CLANG_WARN_COMMA = YES;
				CLANG_WARN_CONSTANT_CONVERSION = YES;
				CLANG_WARN_DIRECT_OBJC_ISA_USAGE = YES_ERROR;
				CLANG_WARN_DOCUMENTATION_COMMENTS = YES;
				CLANG_WARN_EMPTY_BODY = YES;
				CLANG_WARN_ENUM_CONVERSION = YES;
				CLANG_WARN_INFINITE_RECURSION = YES;
				CLANG_WARN_INT_CONVERSION = YES;
				CLANG_WARN_NON_LITERAL_NULL_CONVERSION = YES;
				CLANG_WARN_OBJC_LITERAL_CONVERSION = YES;
				CLANG_WARN_OBJC_ROOT_CLASS = YES_ERROR;
				CLANG_WARN_RANGE_LOOP_ANALYSIS = YES;
				CLANG_WARN_STRICT_PROTOTYPES = YES;
				CLANG_WARN_SUSPICIOUS_MOVE = YES;
				CLANG_WARN_UNREACHABLE_CODE = YES;
				CLANG_WARN__DUPLICATE_METHOD_MATCH = YES;
				"CODE_SIGN_IDENTITY[sdk=iphoneos*]" = "iPhone Developer";
				COPY_PHASE_STRIP = NO;
				DEBUG_INFORMATION_FORMAT = "dwarf-with-dsym";
				ENABLE_NS_ASSERTIONS = NO;
				ENABLE_STRICT_OBJC_MSGSEND = YES;
				GCC_C_LANGUAGE_STANDARD = gnu99;
				GCC_NO_COMMON_BLOCKS = YES;
				GCC_WARN_64_TO_32_BIT_CONVERSION = YES;
				GCC_WARN_ABOUT_RETURN_TYPE = YES_ERROR;
				GCC_WARN_UNDECLARED_SELECTOR = YES;
				GCC_WARN_UNINITIALIZED_AUTOS = YES_AGGRESSIVE;
				GCC_WARN_UNUSED_FUNCTION = YES;
				GCC_WARN_UNUSED_VARIABLE = YES;
				IPHONEOS_DEPLOYMENT_TARGET = 10.3;
				MTL_ENABLE_DEBUG_INFO = NO;
				SDKROOT = iphoneos;
				SWIFT_OPTIMIZATION_LEVEL = "-Owholemodule";
				TARGETED_DEVICE_FAMILY = "1,2";
				VALIDATE_PRODUCT = YES;
			};
			name = Release;
		};
		00BF68621F9B763B005FD912 /* Debug */ = {
			isa = XCBuildConfiguration;
			buildSettings = {
				ASSETCATALOG_COMPILER_APPICON_NAME = AppIcon;
				DEVELOPMENT_TEAM = 39E2FVXES9;
				INFOPLIST_FILE = PicTour/Info.plist;
				LD_RUNPATH_SEARCH_PATHS = "$(inherited) @executable_path/Frameworks";
				PRODUCT_BUNDLE_IDENTIFIER = com.consios.PicTour;
				PRODUCT_NAME = "$(TARGET_NAME)";
				SWIFT_SWIFT3_OBJC_INFERENCE = On;
				SWIFT_VERSION = 4.0;
			};
			name = Debug;
		};
		00BF68631F9B763B005FD912 /* Release */ = {
			isa = XCBuildConfiguration;
			buildSettings = {
				ASSETCATALOG_COMPILER_APPICON_NAME = AppIcon;
				DEVELOPMENT_TEAM = 39E2FVXES9;
				INFOPLIST_FILE = PicTour/Info.plist;
				LD_RUNPATH_SEARCH_PATHS = "$(inherited) @executable_path/Frameworks";
				PRODUCT_BUNDLE_IDENTIFIER = com.consios.PicTour;
				PRODUCT_NAME = "$(TARGET_NAME)";
				SWIFT_SWIFT3_OBJC_INFERENCE = On;
				SWIFT_VERSION = 4.0;
			};
			name = Release;
		};
/* End XCBuildConfiguration section */

/* Begin XCConfigurationList section */
		00BF684A1F9B763B005FD912 /* Build configuration list for PBXProject "PicTour" */ = {
			isa = XCConfigurationList;
			buildConfigurations = (
				00BF685F1F9B763B005FD912 /* Debug */,
				00BF68601F9B763B005FD912 /* Release */,
			);
			defaultConfigurationIsVisible = 0;
			defaultConfigurationName = Release;
		};
		00BF68611F9B763B005FD912 /* Build configuration list for PBXNativeTarget "PicTour" */ = {
			isa = XCConfigurationList;
			buildConfigurations = (
				00BF68621F9B763B005FD912 /* Debug */,
				00BF68631F9B763B005FD912 /* Release */,
			);
			defaultConfigurationIsVisible = 0;
			defaultConfigurationName = Release;
		};
/* End XCConfigurationList section */
	};
	rootObject = 00BF68471F9B763B005FD912 /* Project object */;
}
